
Microsoft Visual Studio Solution File, Format Version 12.00
# Visual Studio Version 17
VisualStudioVersion = 17.13.35825.156 d17.13
MinimumVisualStudioVersion = 10.0.40219.1
Project("{FAE04EC0-301F-11D3-BF4B-00C04F79EFBC}") = "FinalProject", "FinalProject\FinalProject.csproj", "{D7EE93E6-1ED4-4627-BC74-665EABC9A2FD}"
EndProject
Project("{FAE04EC0-301F-11D3-BF4B-00C04F79EFBC}") = "BLL", "BLL\BLL.csproj", "{4A98915E-C2CB-40F9-B3FD-E126C0F4F29E}"
EndProject
Project("{FAE04EC0-301F-11D3-BF4B-00C04F79EFBC}") = "DAL", "DAL\DAL.csproj", "{16433FC1-9EA9-48ED-92F4-720D7FA77300}"
EndProject
Global
	GlobalSection(SolutionConfigurationPlatforms) = preSolution
		Debug|Any CPU = Debug|Any CPU
		Release|Any CPU = Release|Any CPU
	EndGlobalSection
	GlobalSection(ProjectConfigurationPlatforms) = postSolution
		{D7EE93E6-1ED4-4627-BC74-665EABC9A2FD}.Debug|Any CPU.ActiveCfg = Debug|Any CPU
		{D7EE93E6-1ED4-4627-BC74-665EABC9A2FD}.Debug|Any CPU.Build.0 = Debug|Any CPU
		{D7EE93E6-1ED4-4627-BC74-665EABC9A2FD}.Release|Any CPU.ActiveCfg = Release|Any CPU
		{D7EE93E6-1ED4-4627-BC74-665EABC9A2FD}.Release|Any CPU.Build.0 = Release|Any CPU
		{4A98915E-C2CB-40F9-B3FD-E126C0F4F29E}.Debug|Any CPU.ActiveCfg = Debug|Any CPU
		{4A98915E-C2CB-40F9-B3FD-E126C0F4F29E}.Debug|Any CPU.Build.0 = Debug|Any CPU
		{4A98915E-C2CB-40F9-B3FD-E126C0F4F29E}.Release|Any CPU.ActiveCfg = Release|Any CPU
		{4A98915E-C2CB-40F9-B3FD-E126C0F4F29E}.Release|Any CPU.Build.0 = Release|Any CPU
		{16433FC1-9EA9-48ED-92F4-720D7FA77300}.Debug|Any CPU.ActiveCfg = Debug|Any CPU
		{16433FC1-9EA9-48ED-92F4-720D7FA77300}.Debug|Any CPU.Build.0 = Debug|Any CPU
		{16433FC1-9EA9-48ED-92F4-720D7FA77300}.Release|Any CPU.ActiveCfg = Release|Any CPU
		{16433FC1-9EA9-48ED-92F4-720D7FA77300}.Release|Any CPU.Build.0 = Release|Any CPU
	EndGlobalSection
	GlobalSection(SolutionProperties) = preSolution
		HideSolutionNode = FALSE
	EndGlobalSection
	GlobalSection(ExtensibilityGlobals) = postSolution
		SolutionGuid = {7BE3FC15-2265-4146-B01B-83D865B4EB23}
	EndGlobalSection
EndGlobal
